
Microsoft Visual Studio Solution File, Format Version 12.00
# Visual Studio Version 17
VisualStudioVersion = 17.0.31912.275
MinimumVisualStudioVersion = 10.0.40219.1
Project("{FAE04EC0-301F-11D3-BF4B-00C04F79EFBC}") = "lab9WpfApp1", "lab9WpfApp1\lab9WpfApp1.csproj", "{9DA7E4B6-5F2E-42C8-AA48-29F470F23318}"
EndProject
Project("{FAE04EC0-301F-11D3-BF4B-00C04F79EFBC}") = "lab9dataTriggerWpfApp1", "lab9dataTriggerWpfApp1\lab9dataTriggerWpfApp1.csproj", "{2D308022-7C79-4D3E-B502-9B4EE0CEF032}"
EndProject
Project("{FAE04EC0-301F-11D3-BF4B-00C04F79EFBC}") = "lab9eventTriggerWpfApp1", "lab9eventTriggerWpfApp1\lab9eventTriggerWpfApp1.csproj", "{110AF1A2-D799-4831-A9CA-1A4B740B8703}"
EndProject
Project("{FAE04EC0-301F-11D3-BF4B-00C04F79EFBC}") = "lab9temaWpfApp1", "lab9temaWpfApp1\lab9temaWpfApp1.csproj", "{344FD2E3-9B29-4FC5-AE0B-5126E57383D3}"
EndProject
Project("{FAE04EC0-301F-11D3-BF4B-00C04F79EFBC}") = "lab9zadachaWpfApp1", "lab9zadachaWpfApp1\lab9zadachaWpfApp1.csproj", "{4791B63F-5AE5-4D66-8BDA-60286FDC812E}"
EndProject
Global
	GlobalSection(SolutionConfigurationPlatforms) = preSolution
		Debug|Any CPU = Debug|Any CPU
		Release|Any CPU = Release|Any CPU
	EndGlobalSection
	GlobalSection(ProjectConfigurationPlatforms) = postSolution
		{9DA7E4B6-5F2E-42C8-AA48-29F470F23318}.Debug|Any CPU.ActiveCfg = Debug|Any CPU
		{9DA7E4B6-5F2E-42C8-AA48-29F470F23318}.Debug|Any CPU.Build.0 = Debug|Any CPU
		{9DA7E4B6-5F2E-42C8-AA48-29F470F23318}.Release|Any CPU.ActiveCfg = Release|Any CPU
		{9DA7E4B6-5F2E-42C8-AA48-29F470F23318}.Release|Any CPU.Build.0 = Release|Any CPU
		{2D308022-7C79-4D3E-B502-9B4EE0CEF032}.Debug|Any CPU.ActiveCfg = Debug|Any CPU
		{2D308022-7C79-4D3E-B502-9B4EE0CEF032}.Debug|Any CPU.Build.0 = Debug|Any CPU
		{2D308022-7C79-4D3E-B502-9B4EE0CEF032}.Release|Any CPU.ActiveCfg = Release|Any CPU
		{2D308022-7C79-4D3E-B502-9B4EE0CEF032}.Release|Any CPU.Build.0 = Release|Any CPU
		{110AF1A2-D799-4831-A9CA-1A4B740B8703}.Debug|Any CPU.ActiveCfg = Debug|Any CPU
		{110AF1A2-D799-4831-A9CA-1A4B740B8703}.Debug|Any CPU.Build.0 = Debug|Any CPU
		{110AF1A2-D799-4831-A9CA-1A4B740B8703}.Release|Any CPU.ActiveCfg = Release|Any CPU
		{110AF1A2-D799-4831-A9CA-1A4B740B8703}.Release|Any CPU.Build.0 = Release|Any CPU
		{344FD2E3-9B29-4FC5-AE0B-5126E57383D3}.Debug|Any CPU.ActiveCfg = Debug|Any CPU
		{344FD2E3-9B29-4FC5-AE0B-5126E57383D3}.Debug|Any CPU.Build.0 = Debug|Any CPU
		{344FD2E3-9B29-4FC5-AE0B-5126E57383D3}.Release|Any CPU.ActiveCfg = Release|Any CPU
		{344FD2E3-9B29-4FC5-AE0B-5126E57383D3}.Release|Any CPU.Build.0 = Release|Any CPU
		{4791B63F-5AE5-4D66-8BDA-60286FDC812E}.Debug|Any CPU.ActiveCfg = Debug|Any CPU
		{4791B63F-5AE5-4D66-8BDA-60286FDC812E}.Debug|Any CPU.Build.0 = Debug|Any CPU
		{4791B63F-5AE5-4D66-8BDA-60286FDC812E}.Release|Any CPU.ActiveCfg = Release|Any CPU
		{4791B63F-5AE5-4D66-8BDA-60286FDC812E}.Release|Any CPU.Build.0 = Release|Any CPU
	EndGlobalSection
	GlobalSection(SolutionProperties) = preSolution
		HideSolutionNode = FALSE
	EndGlobalSection
	GlobalSection(ExtensibilityGlobals) = postSolution
		SolutionGuid = {44E8B005-9D2B-4DBD-AB66-5C84EC171A08}
	EndGlobalSection
EndGlobal
